
Microsoft Visual Studio Solution File, Format Version 12.00
# Visual Studio Version 17
VisualStudioVersion = 17.2.32505.173
MinimumVisualStudioVersion = 10.0.40219.1
Project("{8BC9CEB8-8B4A-11D0-8D11-00A0C91BC942}") = "test_class_const", "test_class_const\test_class_const.vcxproj", "{004C0B6E-F276-4C60-8004-057E8C6C10C4}"
EndProject
Global
	GlobalSection(SolutionConfigurationPlatforms) = preSolution
		Debug|x64 = Debug|x64
		Debug|x86 = Debug|x86
		Release|x64 = Release|x64
		Release|x86 = Release|x86
	EndGlobalSection
	GlobalSection(ProjectConfigurationPlatforms) = postSolution
		{004C0B6E-F276-4C60-8004-057E8C6C10C4}.Debug|x64.ActiveCfg = Debug|x64
		{004C0B6E-F276-4C60-8004-057E8C6C10C4}.Debug|x64.Build.0 = Debug|x64
		{004C0B6E-F276-4C60-8004-057E8C6C10C4}.Debug|x86.ActiveCfg = Debug|Win32
		{004C0B6E-F276-4C60-8004-057E8C6C10C4}.Debug|x86.Build.0 = Debug|Win32
		{004C0B6E-F276-4C60-8004-057E8C6C10C4}.Release|x64.ActiveCfg = Release|x64
		{004C0B6E-F276-4C60-8004-057E8C6C10C4}.Release|x64.Build.0 = Release|x64
		{004C0B6E-F276-4C60-8004-057E8C6C10C4}.Release|x86.ActiveCfg = Release|Win32
		{004C0B6E-F276-4C60-8004-057E8C6C10C4}.Release|x86.Build.0 = Release|Win32
	EndGlobalSection
	GlobalSection(SolutionProperties) = preSolution
		HideSolutionNode = FALSE
	EndGlobalSection
	GlobalSection(ExtensibilityGlobals) = postSolution
		SolutionGuid = {82446DD6-576E-4C17-A69B-537017698B45}
	EndGlobalSection
EndGlobal
