
Microsoft Visual Studio Solution File, Format Version 12.00
# Visual Studio 15
VisualStudioVersion = 15.0.28307.1300
MinimumVisualStudioVersion = 10.0.40219.1
Project("{8BC9CEB8-8B4A-11D0-8D11-00A0C91BC942}") = "complex_ex", "complex_ex\complex_ex.vcxproj", "{C4ADAF0F-AB2B-45CF-B52F-AE730F017356}"
EndProject
Global
	GlobalSection(SolutionConfigurationPlatforms) = preSolution
		Debug|x64 = Debug|x64
		Debug|x86 = Debug|x86
		Release|x64 = Release|x64
		Release|x86 = Release|x86
	EndGlobalSection
	GlobalSection(ProjectConfigurationPlatforms) = postSolution
		{C4ADAF0F-AB2B-45CF-B52F-AE730F017356}.Debug|x64.ActiveCfg = Debug|x64
		{C4ADAF0F-AB2B-45CF-B52F-AE730F017356}.Debug|x64.Build.0 = Debug|x64
		{C4ADAF0F-AB2B-45CF-B52F-AE730F017356}.Debug|x86.ActiveCfg = Debug|Win32
		{C4ADAF0F-AB2B-45CF-B52F-AE730F017356}.Debug|x86.Build.0 = Debug|Win32
		{C4ADAF0F-AB2B-45CF-B52F-AE730F017356}.Release|x64.ActiveCfg = Release|x64
		{C4ADAF0F-AB2B-45CF-B52F-AE730F017356}.Release|x64.Build.0 = Release|x64
		{C4ADAF0F-AB2B-45CF-B52F-AE730F017356}.Release|x86.ActiveCfg = Release|Win32
		{C4ADAF0F-AB2B-45CF-B52F-AE730F017356}.Release|x86.Build.0 = Release|Win32
	EndGlobalSection
	GlobalSection(SolutionProperties) = preSolution
		HideSolutionNode = FALSE
	EndGlobalSection
	GlobalSection(ExtensibilityGlobals) = postSolution
		SolutionGuid = {D397416C-ECD7-4F9F-9CA4-DE9EE6291BB3}
	EndGlobalSection
EndGlobal
