
Microsoft Visual Studio Solution File, Format Version 12.00
# Visual Studio 15
VisualStudioVersion = 15.0.28307.1300
MinimumVisualStudioVersion = 10.0.40219.1
Project("{8BC9CEB8-8B4A-11D0-8D11-00A0C91BC942}") = "MFCApplication1", "MFCApplication1\MFCApplication1.vcxproj", "{9D21FEBB-A3F2-420F-9D3D-D6E7AE72F23C}"
EndProject
Global
	GlobalSection(SolutionConfigurationPlatforms) = preSolution
		Debug|x64 = Debug|x64
		Debug|x86 = Debug|x86
		Release|x64 = Release|x64
		Release|x86 = Release|x86
	EndGlobalSection
	GlobalSection(ProjectConfigurationPlatforms) = postSolution
		{9D21FEBB-A3F2-420F-9D3D-D6E7AE72F23C}.Debug|x64.ActiveCfg = Debug|x64
		{9D21FEBB-A3F2-420F-9D3D-D6E7AE72F23C}.Debug|x64.Build.0 = Debug|x64
		{9D21FEBB-A3F2-420F-9D3D-D6E7AE72F23C}.Debug|x86.ActiveCfg = Debug|Win32
		{9D21FEBB-A3F2-420F-9D3D-D6E7AE72F23C}.Debug|x86.Build.0 = Debug|Win32
		{9D21FEBB-A3F2-420F-9D3D-D6E7AE72F23C}.Release|x64.ActiveCfg = Release|x64
		{9D21FEBB-A3F2-420F-9D3D-D6E7AE72F23C}.Release|x64.Build.0 = Release|x64
		{9D21FEBB-A3F2-420F-9D3D-D6E7AE72F23C}.Release|x86.ActiveCfg = Release|Win32
		{9D21FEBB-A3F2-420F-9D3D-D6E7AE72F23C}.Release|x86.Build.0 = Release|Win32
	EndGlobalSection
	GlobalSection(SolutionProperties) = preSolution
		HideSolutionNode = FALSE
	EndGlobalSection
	GlobalSection(ExtensibilityGlobals) = postSolution
		SolutionGuid = {E5C0EDB1-4564-4161-B96E-F0A9820A0090}
	EndGlobalSection
EndGlobal
