
Microsoft Visual Studio Solution File, Format Version 12.00
# Visual Studio 15
VisualStudioVersion = 15.0.28307.1300
MinimumVisualStudioVersion = 10.0.40219.1
Project("{8BC9CEB8-8B4A-11D0-8D11-00A0C91BC942}") = "operator_ex", "operator_ex\operator_ex.vcxproj", "{8B342AC5-6CB5-42C6-A155-5C92E60E9E34}"
EndProject
Global
	GlobalSection(SolutionConfigurationPlatforms) = preSolution
		Debug|x64 = Debug|x64
		Debug|x86 = Debug|x86
		Release|x64 = Release|x64
		Release|x86 = Release|x86
	EndGlobalSection
	GlobalSection(ProjectConfigurationPlatforms) = postSolution
		{8B342AC5-6CB5-42C6-A155-5C92E60E9E34}.Debug|x64.ActiveCfg = Debug|x64
		{8B342AC5-6CB5-42C6-A155-5C92E60E9E34}.Debug|x64.Build.0 = Debug|x64
		{8B342AC5-6CB5-42C6-A155-5C92E60E9E34}.Debug|x86.ActiveCfg = Debug|Win32
		{8B342AC5-6CB5-42C6-A155-5C92E60E9E34}.Debug|x86.Build.0 = Debug|Win32
		{8B342AC5-6CB5-42C6-A155-5C92E60E9E34}.Release|x64.ActiveCfg = Release|x64
		{8B342AC5-6CB5-42C6-A155-5C92E60E9E34}.Release|x64.Build.0 = Release|x64
		{8B342AC5-6CB5-42C6-A155-5C92E60E9E34}.Release|x86.ActiveCfg = Release|Win32
		{8B342AC5-6CB5-42C6-A155-5C92E60E9E34}.Release|x86.Build.0 = Release|Win32
	EndGlobalSection
	GlobalSection(SolutionProperties) = preSolution
		HideSolutionNode = FALSE
	EndGlobalSection
	GlobalSection(ExtensibilityGlobals) = postSolution
		SolutionGuid = {03AABAA5-D6B1-45F6-9393-600E922EBE34}
	EndGlobalSection
EndGlobal
