
Microsoft Visual Studio Solution File, Format Version 12.00
# Visual Studio 15
VisualStudioVersion = 15.0.28307.1082
MinimumVisualStudioVersion = 10.0.40219.1
Project("{8BC9CEB8-8B4A-11D0-8D11-00A0C91BC942}") = "trees_simple_pr", "trees_simple_pr\trees_simple_pr.vcxproj", "{85CF9C3B-6693-425D-9598-B4CD8E433955}"
EndProject
Global
	GlobalSection(SolutionConfigurationPlatforms) = preSolution
		Debug|x64 = Debug|x64
		Debug|x86 = Debug|x86
		Release|x64 = Release|x64
		Release|x86 = Release|x86
	EndGlobalSection
	GlobalSection(ProjectConfigurationPlatforms) = postSolution
		{85CF9C3B-6693-425D-9598-B4CD8E433955}.Debug|x64.ActiveCfg = Debug|x64
		{85CF9C3B-6693-425D-9598-B4CD8E433955}.Debug|x64.Build.0 = Debug|x64
		{85CF9C3B-6693-425D-9598-B4CD8E433955}.Debug|x86.ActiveCfg = Debug|Win32
		{85CF9C3B-6693-425D-9598-B4CD8E433955}.Debug|x86.Build.0 = Debug|Win32
		{85CF9C3B-6693-425D-9598-B4CD8E433955}.Release|x64.ActiveCfg = Release|x64
		{85CF9C3B-6693-425D-9598-B4CD8E433955}.Release|x64.Build.0 = Release|x64
		{85CF9C3B-6693-425D-9598-B4CD8E433955}.Release|x86.ActiveCfg = Release|Win32
		{85CF9C3B-6693-425D-9598-B4CD8E433955}.Release|x86.Build.0 = Release|Win32
	EndGlobalSection
	GlobalSection(SolutionProperties) = preSolution
		HideSolutionNode = FALSE
	EndGlobalSection
	GlobalSection(ExtensibilityGlobals) = postSolution
		SolutionGuid = {3529F8BD-081A-49AB-8774-6EE5C8294A13}
	EndGlobalSection
EndGlobal
