
Microsoft Visual Studio Solution File, Format Version 12.00
# Visual Studio 15
VisualStudioVersion = 15.0.28307.1300
MinimumVisualStudioVersion = 10.0.40219.1
Project("{8BC9CEB8-8B4A-11D0-8D11-00A0C91BC942}") = "test_image", "test_image\test_image.vcxproj", "{CC179587-481B-41CD-88C1-BE177C2C632F}"
EndProject
Global
	GlobalSection(SolutionConfigurationPlatforms) = preSolution
		Debug|x64 = Debug|x64
		Debug|x86 = Debug|x86
		Release|x64 = Release|x64
		Release|x86 = Release|x86
	EndGlobalSection
	GlobalSection(ProjectConfigurationPlatforms) = postSolution
		{CC179587-481B-41CD-88C1-BE177C2C632F}.Debug|x64.ActiveCfg = Debug|x64
		{CC179587-481B-41CD-88C1-BE177C2C632F}.Debug|x64.Build.0 = Debug|x64
		{CC179587-481B-41CD-88C1-BE177C2C632F}.Debug|x86.ActiveCfg = Debug|Win32
		{CC179587-481B-41CD-88C1-BE177C2C632F}.Debug|x86.Build.0 = Debug|Win32
		{CC179587-481B-41CD-88C1-BE177C2C632F}.Release|x64.ActiveCfg = Release|x64
		{CC179587-481B-41CD-88C1-BE177C2C632F}.Release|x64.Build.0 = Release|x64
		{CC179587-481B-41CD-88C1-BE177C2C632F}.Release|x86.ActiveCfg = Release|Win32
		{CC179587-481B-41CD-88C1-BE177C2C632F}.Release|x86.Build.0 = Release|Win32
	EndGlobalSection
	GlobalSection(SolutionProperties) = preSolution
		HideSolutionNode = FALSE
	EndGlobalSection
	GlobalSection(ExtensibilityGlobals) = postSolution
		SolutionGuid = {143F319E-A4C0-4959-B08C-DD4788A697E2}
	EndGlobalSection
EndGlobal
